
Microsoft Visual Studio Solution File, Format Version 12.00
# Visual Studio Version 16
VisualStudioVersion = 16.0.32228.343
MinimumVisualStudioVersion = 10.0.40219.1
Project("{9A19103F-16F7-4668-BE54-9A1E7A4F7556}") = "BufferCircular", "BufferCircular.csproj", "{B6FB8AC9-CAFC-4F6E-9592-47DABF6234EF}"
EndProject
Project("{FAE04EC0-301F-11D3-BF4B-00C04F79EFBC}") = "CircularQueueTest", "..\CircularQueueTest\CircularQueueTest.csproj", "{06B02858-5BD2-41B5-A1E6-281FC71648CE}"
EndProject
Global
	GlobalSection(SolutionConfigurationPlatforms) = preSolution
		Debug|Any CPU = Debug|Any CPU
		Release|Any CPU = Release|Any CPU
	EndGlobalSection
	GlobalSection(ProjectConfigurationPlatforms) = postSolution
		{B6FB8AC9-CAFC-4F6E-9592-47DABF6234EF}.Debug|Any CPU.ActiveCfg = Debug|Any CPU
		{B6FB8AC9-CAFC-4F6E-9592-47DABF6234EF}.Debug|Any CPU.Build.0 = Debug|Any CPU
		{B6FB8AC9-CAFC-4F6E-9592-47DABF6234EF}.Release|Any CPU.ActiveCfg = Release|Any CPU
		{B6FB8AC9-CAFC-4F6E-9592-47DABF6234EF}.Release|Any CPU.Build.0 = Release|Any CPU
		{06B02858-5BD2-41B5-A1E6-281FC71648CE}.Debug|Any CPU.ActiveCfg = Debug|Any CPU
		{06B02858-5BD2-41B5-A1E6-281FC71648CE}.Debug|Any CPU.Build.0 = Debug|Any CPU
		{06B02858-5BD2-41B5-A1E6-281FC71648CE}.Release|Any CPU.ActiveCfg = Release|Any CPU
		{06B02858-5BD2-41B5-A1E6-281FC71648CE}.Release|Any CPU.Build.0 = Release|Any CPU
	EndGlobalSection
	GlobalSection(SolutionProperties) = preSolution
		HideSolutionNode = FALSE
	EndGlobalSection
	GlobalSection(ExtensibilityGlobals) = postSolution
		SolutionGuid = {2A9301AD-EDAB-4422-ACDA-5226BD352F71}
	EndGlobalSection
EndGlobal
