
Microsoft Visual Studio Solution File, Format Version 12.00
# Visual Studio Version 16
VisualStudioVersion = 16.0.32428.217
MinimumVisualStudioVersion = 10.0.40219.1
Project("{9A19103F-16F7-4668-BE54-9A1E7A4F7556}") = "HashTable", "HashTable.csproj", "{35C3B6C8-DBA8-4F49-98F3-A69DE831BCE3}"
EndProject
Project("{FAE04EC0-301F-11D3-BF4B-00C04F79EFBC}") = "HashTableUnitTests", "..\HashTableUnitTests\HashTableUnitTests.csproj", "{4C7F11CF-305F-451E-80AF-9471B6C0276A}"
EndProject
Global
	GlobalSection(SolutionConfigurationPlatforms) = preSolution
		Debug|Any CPU = Debug|Any CPU
		Release|Any CPU = Release|Any CPU
	EndGlobalSection
	GlobalSection(ProjectConfigurationPlatforms) = postSolution
		{35C3B6C8-DBA8-4F49-98F3-A69DE831BCE3}.Debug|Any CPU.ActiveCfg = Debug|Any CPU
		{35C3B6C8-DBA8-4F49-98F3-A69DE831BCE3}.Debug|Any CPU.Build.0 = Debug|Any CPU
		{35C3B6C8-DBA8-4F49-98F3-A69DE831BCE3}.Release|Any CPU.ActiveCfg = Release|Any CPU
		{35C3B6C8-DBA8-4F49-98F3-A69DE831BCE3}.Release|Any CPU.Build.0 = Release|Any CPU
		{4C7F11CF-305F-451E-80AF-9471B6C0276A}.Debug|Any CPU.ActiveCfg = Debug|Any CPU
		{4C7F11CF-305F-451E-80AF-9471B6C0276A}.Debug|Any CPU.Build.0 = Debug|Any CPU
		{4C7F11CF-305F-451E-80AF-9471B6C0276A}.Release|Any CPU.ActiveCfg = Release|Any CPU
		{4C7F11CF-305F-451E-80AF-9471B6C0276A}.Release|Any CPU.Build.0 = Release|Any CPU
	EndGlobalSection
	GlobalSection(SolutionProperties) = preSolution
		HideSolutionNode = FALSE
	EndGlobalSection
	GlobalSection(ExtensibilityGlobals) = postSolution
		SolutionGuid = {0F569C6A-7A50-48A6-8AF8-389EDCC600CB}
	EndGlobalSection
EndGlobal
